
Microsoft Visual Studio Solution File, Format Version 12.00
# Visual Studio Version 16
VisualStudioVersion = 16.0.30611.23
MinimumVisualStudioVersion = 10.0.40219.1
Project("{FAE04EC0-301F-11D3-BF4B-00C04F79EFBC}") = "RgpGame", "RgpGame.csproj", "{583762CF-F052-463F-8701-7E2DDFBF66EE}"
EndProject
Global
	GlobalSection(SolutionConfigurationPlatforms) = preSolution
		Debug|Any CPU = Debug|Any CPU
		Release|Any CPU = Release|Any CPU
	EndGlobalSection
	GlobalSection(ProjectConfigurationPlatforms) = postSolution
		{583762CF-F052-463F-8701-7E2DDFBF66EE}.Debug|Any CPU.ActiveCfg = Debug|Any CPU
		{583762CF-F052-463F-8701-7E2DDFBF66EE}.Debug|Any CPU.Build.0 = Debug|Any CPU
		{583762CF-F052-463F-8701-7E2DDFBF66EE}.Release|Any CPU.ActiveCfg = Release|Any CPU
		{583762CF-F052-463F-8701-7E2DDFBF66EE}.Release|Any CPU.Build.0 = Release|Any CPU
	EndGlobalSection
	GlobalSection(SolutionProperties) = preSolution
		HideSolutionNode = FALSE
	EndGlobalSection
	GlobalSection(ExtensibilityGlobals) = postSolution
		SolutionGuid = {1C2DE2D9-9D5D-4D4C-9ED2-6862A82310CA}
	EndGlobalSection
EndGlobal
